{
  "name": "instructo-poc",
  "version": "1.0.0",
  "lockfileVersion": 3,
  "requires": true,
  "packages": {
    "": {
      "name": "instructo-poc",
      "version": "1.0.0",
      "license": "ISC",
      "dependencies": {
        "superagent-ai": "^0.0.19"
      }
    },
    "node_modules/superagent-ai": {
      "version": "0.0.19",
      "resolved": "https://registry.npmjs.org/superagent-ai/-/superagent-ai-0.0.19.tgz",
      "integrity": "sha512-fIIeQEmmIcb9JppghKpmVXudfdey+4rhszxbN/DqEyW5L1hMgpwKPglLP+ag8yIMTZd6LC8I8gqKD2QE3usVxA==",
      "license": "MIT",
      "engines": {
        "node": ">=18"
      }
    }
  }
}
